{
  "version": 4,
  "terraform_version": "1.5.4",
  "serial": 8,
  "lineage": "efa69605-69af-2820-b5a9-4f77146879bc",
  "outputs": {},
  "resources": [
    {
      "mode": "managed",
      "type": "dbt_cloud_job",
      "name": "apply",
      "provider": "provider[\"registry.terraform.io/gthesheep/dbt-cloud\"]",
      "instances": [
        {
          "schema_version": 0,
          "attributes": {
            "dbt_version": "",
            "deferring_job_id": 0,
            "environment_id": 217945,
            "execute_steps": [
              "dbt test"
            ],
            "generate_docs": false,
            "id": "387804",
            "is_active": true,
            "name": "apply",
            "num_threads": 4,
            "project_id": 269764,
            "run_generate_sources": false,
            "schedule_cron": "",
            "schedule_days": [
              4,
              6
            ],
            "schedule_hours": null,
            "schedule_interval": 1,
            "schedule_type": "days_of_week",
            "target_name": "default",
            "triggers": {
              "custom_branch_only": true,
              "git_provider_webhook": false,
              "github_webhook": false,
              "schedule": true
            }
          },
          "sensitive_attributes": [],
          "private": "bnVsbA=="
        }
      ]
    },
    {
      "mode": "managed",
      "type": "dbt_cloud_job",
      "name": "test01",
      "provider": "provider[\"registry.terraform.io/gthesheep/dbt-cloud\"]",
      "instances": [
        {
          "schema_version": 0,
          "attributes": {
            "dbt_version": "",
            "deferring_job_id": 0,
            "environment_id": 217945,
            "execute_steps": [
              "dbt test"
            ],
            "generate_docs": false,
            "id": "387805",
            "is_active": true,
            "name": "test01",
            "num_threads": 4,
            "project_id": 269764,
            "run_generate_sources": false,
            "schedule_cron": "",
            "schedule_days": [
              2,
              3,
              5
            ],
            "schedule_hours": null,
            "schedule_interval": 1,
            "schedule_type": "days_of_week",
            "target_name": "default",
            "triggers": {
              "custom_branch_only": true,
              "git_provider_webhook": false,
              "github_webhook": false,
              "schedule": true
            }
          },
          "sensitive_attributes": [],
          "private": "bnVsbA=="
        }
      ]
    },
    {
      "mode": "managed",
      "type": "dbt_cloud_job",
      "name": "welcome",
      "provider": "provider[\"registry.terraform.io/gthesheep/dbt-cloud\"]",
      "instances": [
        {
          "schema_version": 0,
          "attributes": {
            "dbt_version": "",
            "deferring_job_id": 0,
            "environment_id": 217945,
            "execute_steps": [
              "dbt test"
            ],
            "generate_docs": false,
            "id": "387803",
            "is_active": true,
            "name": "welcome",
            "num_threads": 4,
            "project_id": 269764,
            "run_generate_sources": false,
            "schedule_cron": " 30 2 * * * ",
            "schedule_days": null,
            "schedule_hours": null,
            "schedule_interval": 1,
            "schedule_type": "custom_cron",
            "target_name": "default",
            "triggers": {
              "custom_branch_only": true,
              "git_provider_webhook": false,
              "github_webhook": false,
              "schedule": true
            }
          },
          "sensitive_attributes": [],
          "private": "bnVsbA=="
        }
      ]
    }
  ],
  "check_results": null
}
